{
  "version": 4,
  "terraform_version": "0.12.3",
  "serial": 75,
  "lineage": "479a587f-7c59-564d-1fb2-3f469bcec7b8",
  "outputs": {},
  "resources": [
    {
      "mode": "managed",
      "type": "google_compute_firewall",
      "name": "default",
      "provider": "provider.google",
      "instances": [
        {
          "schema_version": 1,
          "attributes": {
            "allow": [
              {
                "ports": [
                  "22"
                ],
                "protocol": "tcp"
              },
              {
                "ports": [],
                "protocol": "icmp"
              }
            ],
            "creation_timestamp": "2019-07-11T02:06:35.870-07:00",
            "deny": [],
            "description": "",
            "destination_ranges": [],
            "direction": "INGRESS",
            "disabled": false,
            "id": "default-firewall",
            "name": "default-firewall",
            "network": "https://www.googleapis.com/compute/v1/projects/marine-copilot-246109/global/networks/default",
            "priority": 1000,
            "project": "marine-copilot-246109",
            "self_link": "https://www.googleapis.com/compute/v1/projects/marine-copilot-246109/global/firewalls/default-firewall",
            "source_ranges": [
              "0.0.0.0/0"
            ],
            "source_service_accounts": null,
            "source_tags": null,
            "target_service_accounts": null,
            "target_tags": [
              "default"
            ],
            "timeouts": null
          },
          "private": "eyJlMmJmYjczMC1lY2FhLTExZTYtOGY4OC0zNDM2M2JjN2M0YzAiOnsiY3JlYXRlIjoyNDAwMDAwMDAwMDAsImRlbGV0ZSI6MjQwMDAwMDAwMDAwLCJ1cGRhdGUiOjI0MDAwMDAwMDAwMH0sInNjaGVtYV92ZXJzaW9uIjoiMSJ9"
        }
      ]
    },
    {
      "mode": "managed",
      "type": "google_compute_instance",
      "name": "api",
      "provider": "provider.google",
      "instances": [
        {
          "schema_version": 6,
          "attributes": {
            "allow_stopping_for_update": null,
            "attached_disk": [],
            "boot_disk": [
              {
                "auto_delete": true,
                "device_name": "persistent-disk-0",
                "disk_encryption_key_raw": "",
                "disk_encryption_key_sha256": "",
                "initialize_params": [
                  {
                    "image": "https://www.googleapis.com/compute/v1/projects/ubuntu-os-cloud/global/images/ubuntu-1804-bionic-v20190628",
                    "size": 10,
                    "type": "pd-standard"
                  }
                ],
                "kms_key_self_link": "",
                "source": "https://www.googleapis.com/compute/v1/projects/marine-copilot-246109/zones/europe-west2-c/disks/default-api"
              }
            ],
            "can_ip_forward": false,
            "cpu_platform": "Intel Broadwell",
            "deletion_protection": false,
            "description": null,
            "disk": [],
            "guest_accelerator": [],
            "hostname": "",
            "id": "default-api",
            "instance_id": "767900220125823940",
            "label_fingerprint": "42WmSpB8rSM=",
            "labels": null,
            "machine_type": "f1-micro",
            "metadata": {
              "sshKeys": "terraform:ssh-rsa AAAAB3NzaC1yc2EAAAADAQABAAABAQCt8CsBR/iB7gXtLBgBcyeZryRE+7xcHG5qnhNdLznHypj+6c282Tm3/2AH0PNKPXYcXStycueuJq/A7kbxJSJ0spYxNrTOy2wM5f5sV2ShDXNuVTWycTBTbvUlsmAwKhL0unRJAgffmao8gaoOcIGA9ooso0bcw95/L0xaWavFVD2zvZGWiY4sgHaK0THesAWElCRY5cO8hC12blT6P5YJoOn5ffnvxuuo41QX3TjOZrDaEJgVZhwpAgncY8uoY0IUn0hTahWZyz/roJz0hfXjB53mTaQ6eRlSj0cVzR2t2pHT5w9B0fjuILjy0Poe7iDBxyoUqcDAAHcmBVo7r+fl hms@hms-VirtualBox\n"
            },
            "metadata_fingerprint": "7Qr5pFL_N6Y=",
            "metadata_startup_script": "",
            "min_cpu_platform": "",
            "name": "default-api",
            "network_interface": [
              {
                "access_config": [
                  {
                    "assigned_nat_ip": "",
                    "nat_ip": "35.246.0.147",
                    "network_tier": "PREMIUM",
                    "public_ptr_domain_name": ""
                  }
                ],
                "address": "",
                "alias_ip_range": [],
                "name": "nic0",
                "network": "https://www.googleapis.com/compute/v1/projects/marine-copilot-246109/global/networks/default",
                "network_ip": "10.154.0.20",
                "subnetwork": "https://www.googleapis.com/compute/v1/projects/marine-copilot-246109/regions/europe-west2/subnetworks/default",
                "subnetwork_project": "marine-copilot-246109"
              }
            ],
            "project": "marine-copilot-246109",
            "scheduling": [
              {
                "automatic_restart": true,
                "node_affinities": [],
                "on_host_maintenance": "MIGRATE",
                "preemptible": false
              }
            ],
            "scratch_disk": [],
            "self_link": "https://www.googleapis.com/compute/v1/projects/marine-copilot-246109/zones/europe-west2-c/instances/default-api",
            "service_account": [],
            "shielded_instance_config": [],
            "tags": [
              "default"
            ],
            "tags_fingerprint": "ZKYLnLa-Ht8=",
            "timeouts": null,
            "zone": "europe-west2-c"
          },
          "private": "eyJlMmJmYjczMC1lY2FhLTExZTYtOGY4OC0zNDM2M2JjN2M0YzAiOnsiY3JlYXRlIjoxMjAwMDAwMDAwMDAwLCJkZWxldGUiOjEyMDAwMDAwMDAwMDAsInVwZGF0ZSI6MTIwMDAwMDAwMDAwMH0sInNjaGVtYV92ZXJzaW9uIjoiNiJ9",
          "depends_on": [
            "google_compute_instance.default"
          ]
        }
      ]
    },
    {
      "mode": "managed",
      "type": "google_compute_instance",
      "name": "default",
      "provider": "provider.google",
      "instances": [
        {
          "schema_version": 6,
          "attributes": {
            "allow_stopping_for_update": null,
            "attached_disk": [],
            "boot_disk": [
              {
                "auto_delete": true,
                "device_name": "persistent-disk-0",
                "disk_encryption_key_raw": "",
                "disk_encryption_key_sha256": "",
                "initialize_params": [
                  {
                    "image": "https://www.googleapis.com/compute/v1/projects/ubuntu-os-cloud/global/images/ubuntu-1804-bionic-v20190628",
                    "size": 10,
                    "type": "pd-standard"
                  }
                ],
                "kms_key_self_link": "",
                "source": "https://www.googleapis.com/compute/v1/projects/marine-copilot-246109/zones/europe-west2-c/disks/default-angular"
              }
            ],
            "can_ip_forward": false,
            "cpu_platform": "Intel Broadwell",
            "deletion_protection": false,
            "description": null,
            "disk": [],
            "guest_accelerator": [],
            "hostname": "",
            "id": "default-angular",
            "instance_id": "5524759697980867314",
            "label_fingerprint": "42WmSpB8rSM=",
            "labels": null,
            "machine_type": "f1-micro",
            "metadata": {
              "sshKeys": "terraform:ssh-rsa AAAAB3NzaC1yc2EAAAADAQABAAABAQCt8CsBR/iB7gXtLBgBcyeZryRE+7xcHG5qnhNdLznHypj+6c282Tm3/2AH0PNKPXYcXStycueuJq/A7kbxJSJ0spYxNrTOy2wM5f5sV2ShDXNuVTWycTBTbvUlsmAwKhL0unRJAgffmao8gaoOcIGA9ooso0bcw95/L0xaWavFVD2zvZGWiY4sgHaK0THesAWElCRY5cO8hC12blT6P5YJoOn5ffnvxuuo41QX3TjOZrDaEJgVZhwpAgncY8uoY0IUn0hTahWZyz/roJz0hfXjB53mTaQ6eRlSj0cVzR2t2pHT5w9B0fjuILjy0Poe7iDBxyoUqcDAAHcmBVo7r+fl hms@hms-VirtualBox\n"
            },
            "metadata_fingerprint": "7Qr5pFL_N6Y=",
            "metadata_startup_script": "",
            "min_cpu_platform": "",
            "name": "default-angular",
            "network_interface": [
              {
                "access_config": [
                  {
                    "assigned_nat_ip": "",
                    "nat_ip": "35.197.231.172",
                    "network_tier": "PREMIUM",
                    "public_ptr_domain_name": ""
                  }
                ],
                "address": "",
                "alias_ip_range": [],
                "name": "nic0",
                "network": "https://www.googleapis.com/compute/v1/projects/marine-copilot-246109/global/networks/default",
                "network_ip": "10.154.0.19",
                "subnetwork": "https://www.googleapis.com/compute/v1/projects/marine-copilot-246109/regions/europe-west2/subnetworks/default",
                "subnetwork_project": "marine-copilot-246109"
              }
            ],
            "project": "marine-copilot-246109",
            "scheduling": [
              {
                "automatic_restart": true,
                "node_affinities": [],
                "on_host_maintenance": "MIGRATE",
                "preemptible": false
              }
            ],
            "scratch_disk": [],
            "self_link": "https://www.googleapis.com/compute/v1/projects/marine-copilot-246109/zones/europe-west2-c/instances/default-angular",
            "service_account": [],
            "shielded_instance_config": [],
            "tags": [
              "default"
            ],
            "tags_fingerprint": "ZKYLnLa-Ht8=",
            "timeouts": null,
            "zone": "europe-west2-c"
          },
          "private": "eyJlMmJmYjczMC1lY2FhLTExZTYtOGY4OC0zNDM2M2JjN2M0YzAiOnsiY3JlYXRlIjoxMjAwMDAwMDAwMDAwLCJkZWxldGUiOjEyMDAwMDAwMDAwMDAsInVwZGF0ZSI6MTIwMDAwMDAwMDAwMH0sInNjaGVtYV92ZXJzaW9uIjoiNiJ9"
        }
      ]
    },
    {
      "mode": "managed",
      "type": "google_compute_instance",
      "name": "mongodb",
      "provider": "provider.google",
      "instances": [
        {
          "schema_version": 6,
          "attributes": {
            "allow_stopping_for_update": null,
            "attached_disk": [],
            "boot_disk": [
              {
                "auto_delete": true,
                "device_name": "persistent-disk-0",
                "disk_encryption_key_raw": "",
                "disk_encryption_key_sha256": "",
                "initialize_params": [
                  {
                    "image": "https://www.googleapis.com/compute/v1/projects/ubuntu-os-cloud/global/images/ubuntu-1804-bionic-v20190628",
                    "size": 10,
                    "type": "pd-standard"
                  }
                ],
                "kms_key_self_link": "",
                "source": "https://www.googleapis.com/compute/v1/projects/marine-copilot-246109/zones/europe-west2-c/disks/default-mongodb"
              }
            ],
            "can_ip_forward": false,
            "cpu_platform": "Intel Broadwell",
            "deletion_protection": false,
            "description": null,
            "disk": [],
            "guest_accelerator": [],
            "hostname": "",
            "id": "default-mongodb",
            "instance_id": "6506931127013032899",
            "label_fingerprint": "42WmSpB8rSM=",
            "labels": null,
            "machine_type": "f1-micro",
            "metadata": {
              "sshKeys": "terraform:ssh-rsa AAAAB3NzaC1yc2EAAAADAQABAAABAQCt8CsBR/iB7gXtLBgBcyeZryRE+7xcHG5qnhNdLznHypj+6c282Tm3/2AH0PNKPXYcXStycueuJq/A7kbxJSJ0spYxNrTOy2wM5f5sV2ShDXNuVTWycTBTbvUlsmAwKhL0unRJAgffmao8gaoOcIGA9ooso0bcw95/L0xaWavFVD2zvZGWiY4sgHaK0THesAWElCRY5cO8hC12blT6P5YJoOn5ffnvxuuo41QX3TjOZrDaEJgVZhwpAgncY8uoY0IUn0hTahWZyz/roJz0hfXjB53mTaQ6eRlSj0cVzR2t2pHT5w9B0fjuILjy0Poe7iDBxyoUqcDAAHcmBVo7r+fl hms@hms-VirtualBox\n"
            },
            "metadata_fingerprint": "7Qr5pFL_N6Y=",
            "metadata_startup_script": "",
            "min_cpu_platform": "",
            "name": "default-mongodb",
            "network_interface": [
              {
                "access_config": [
                  {
                    "assigned_nat_ip": "",
                    "nat_ip": "35.230.128.232",
                    "network_tier": "PREMIUM",
                    "public_ptr_domain_name": ""
                  }
                ],
                "address": "",
                "alias_ip_range": [],
                "name": "nic0",
                "network": "https://www.googleapis.com/compute/v1/projects/marine-copilot-246109/global/networks/default",
                "network_ip": "10.154.0.21",
                "subnetwork": "https://www.googleapis.com/compute/v1/projects/marine-copilot-246109/regions/europe-west2/subnetworks/default",
                "subnetwork_project": "marine-copilot-246109"
              }
            ],
            "project": "marine-copilot-246109",
            "scheduling": [
              {
                "automatic_restart": true,
                "node_affinities": [],
                "on_host_maintenance": "MIGRATE",
                "preemptible": false
              }
            ],
            "scratch_disk": [],
            "self_link": "https://www.googleapis.com/compute/v1/projects/marine-copilot-246109/zones/europe-west2-c/instances/default-mongodb",
            "service_account": [],
            "shielded_instance_config": [],
            "tags": [
              "default"
            ],
            "tags_fingerprint": "ZKYLnLa-Ht8=",
            "timeouts": null,
            "zone": "europe-west2-c"
          },
          "private": "eyJlMmJmYjczMC1lY2FhLTExZTYtOGY4OC0zNDM2M2JjN2M0YzAiOnsiY3JlYXRlIjoxMjAwMDAwMDAwMDAwLCJkZWxldGUiOjEyMDAwMDAwMDAwMDAsInVwZGF0ZSI6MTIwMDAwMDAwMDAwMH0sInNjaGVtYV92ZXJzaW9uIjoiNiJ9",
          "depends_on": [
            "google_compute_instance.default"
          ]
        }
      ]
    }
  ]
}
